<?xml version="1.0" encoding="utf-8"?>
<Project ToolsVersion="4.0" xmlns="http://schemas.microsoft.com/developer/msbuild/2003">
  <ItemGroup>
    <Filter Include="Source Files">
      <UniqueIdentifier>{4FC737F1-C7A5-4376-A066-2A32D752A2FF}</UniqueIdentifier>
      <Extensions>cpp;c;cc;cxx;def;odl;idl;hpj;bat;asm;asmx</Extensions>
    </Filter>
    <Filter Include="Header Files">
      <UniqueIdentifier>{93995380-89BD-4b04-88EB-625FBE52EBFB}</UniqueIdentifier>
      <Extensions>h;hh;hpp;hxx;hm;inl;inc;ipp;xsd</Extensions>
    </Filter>
    <Filter Include="Resource Files">
      <UniqueIdentifier>{67DA6AB6-F800-4c08-8B7A-83BB121AAD01}</UniqueIdentifier>
      <Extensions>rc;ico;cur;bmp;dlg;rc2;rct;bin;rgs;gif;jpg;jpeg;jpe;resx;tiff;tif;png;wav;mfcribbon-ms</Extensions>
    </Filter>
    <Filter Include="Source Files\scene">
      <UniqueIdentifier>{ad192124-48ff-4dc5-a3d1-a7b5592e4aaa}</UniqueIdentifier>
    </Filter>
    <Filter Include="Header Files\scene">
      <UniqueIdentifier>{0538cad7-37bf-4e8b-a72a-89da5db293d6}</UniqueIdentifier>
    </Filter>
    <Filter Include="Header Files\component">
      <UniqueIdentifier>{1900f455-8339-4843-b66d-a80dc5422c77}</UniqueIdentifier>
    </Filter>
    <Filter Include="Header Files\drawing">
      <UniqueIdentifier>{cc890154-8912-46e5-8160-2150bc1041e7}</UniqueIdentifier>
    </Filter>
    <Filter Include="Source Files\component">
      <UniqueIdentifier>{eba5f820-fdc1-4b9e-bfdb-5fa4cb95dc70}</UniqueIdentifier>
    </Filter>
    <Filter Include="Source Files\drawing">
      <UniqueIdentifier>{418b1307-6908-4fae-9274-e4080e4a4ff9}</UniqueIdentifier>
    </Filter>
    <Filter Include="Source Files\asset">
      <UniqueIdentifier>{6e7c3e1f-4ea6-46a5-a202-36aae9e6f4a1}</UniqueIdentifier>
    </Filter>
    <Filter Include="Header Files\asset">
      <UniqueIdentifier>{3405d344-b019-4c0a-987e-7347a8594f18}</UniqueIdentifier>
    </Filter>
    <Filter Include="Source Files\physics">
      <UniqueIdentifier>{4697676b-ec0d-4707-837b-54d3ac27c070}</UniqueIdentifier>
    </Filter>
    <Filter Include="Header Files\physics">
      <UniqueIdentifier>{36991e77-9823-4886-8bdf-6ba9a352512c}</UniqueIdentifier>
    </Filter>
  </ItemGroup>
  <ItemGroup>
    <ClCompile Include="state.cpp">
      <Filter>Source Files</Filter>
    </ClCompile>
    <ClCompile Include="engine.cpp">
      <Filter>Source Files</Filter>
    </ClCompile>
    <ClCompile Include="state_manager.cpp">
      <Filter>Source Files</Filter>
    </ClCompile>
    <ClCompile Include="window_manager.cpp">
      <Filter>Source Files</Filter>
    </ClCompile>
    <ClCompile Include="stdafx.cpp">
      <Filter>Source Files</Filter>
    </ClCompile>
    <ClCompile Include="scene.cpp">
      <Filter>Source Files\scene</Filter>
    </ClCompile>
    <ClCompile Include="scene_graph.cpp">
      <Filter>Source Files\scene</Filter>
    </ClCompile>
    <ClCompile Include="scene_object.cpp">
      <Filter>Source Files\scene</Filter>
    </ClCompile>
    <ClCompile Include="entity.cpp">
      <Filter>Source Files\scene</Filter>
    </ClCompile>
    <ClCompile Include="sprite.cpp">
      <Filter>Source Files\component</Filter>
    </ClCompile>
    <ClCompile Include="transform.cpp">
      <Filter>Source Files\component</Filter>
    </ClCompile>
    <ClCompile Include="material_color_property.cpp">
      <Filter>Source Files\drawing</Filter>
    </ClCompile>
    <ClCompile Include="text.cpp">
      <Filter>Source Files\drawing</Filter>
    </ClCompile>
    <ClCompile Include="material.cpp">
      <Filter>Source Files\drawing</Filter>
    </ClCompile>
    <ClCompile Include="asset_bank.cpp">
      <Filter>Source Files\asset</Filter>
    </ClCompile>
    <ClCompile Include="asset.cpp">
      <Filter>Source Files\asset</Filter>
    </ClCompile>
    <ClCompile Include="texture.cpp">
      <Filter>Source Files\asset</Filter>
    </ClCompile>
    <ClCompile Include="shader.cpp">
      <Filter>Source Files\asset</Filter>
    </ClCompile>
    <ClCompile Include="window.cpp">
      <Filter>Source Files</Filter>
    </ClCompile>
    <ClCompile Include="input.cpp">
      <Filter>Source Files</Filter>
    </ClCompile>
    <ClCompile Include="stb_image.cpp">
      <Filter>Source Files</Filter>
    </ClCompile>
    <ClCompile Include="gui_component.cpp">
      <Filter>Source Files\component</Filter>
    </ClCompile>
    <ClCompile Include="gui_panel.cpp">
      <Filter>Source Files\component</Filter>
    </ClCompile>
    <ClCompile Include="gui_text_block.cpp">
      <Filter>Source Files\component</Filter>
    </ClCompile>
    <ClCompile Include="debug.cpp">
      <Filter>Source Files</Filter>
    </ClCompile>
    <ClCompile Include="console.cpp">
      <Filter>Source Files\scene</Filter>
    </ClCompile>
    <ClCompile Include="gui_border.cpp">
      <Filter>Source Files\component</Filter>
    </ClCompile>
    <ClCompile Include="metrics.cpp">
      <Filter>Source Files\scene</Filter>
    </ClCompile>
    <ClCompile Include="rigid_body.cpp">
      <Filter>Source Files\component</Filter>
    </ClCompile>
    <ClCompile Include="ef_impulse.cpp">
      <Filter>Source Files\physics</Filter>
    </ClCompile>
    <ClCompile Include="component.cpp">
      <Filter>Source Files\component</Filter>
    </ClCompile>
    <ClCompile Include="effector.cpp">
      <Filter>Source Files\physics</Filter>
    </ClCompile>
    <ClCompile Include="conductor.cpp">
      <Filter>Source Files</Filter>
    </ClCompile>
    <ClCompile Include="ef_gravity.cpp">
      <Filter>Source Files\physics</Filter>
    </ClCompile>
    <ClCompile Include="constraint.cpp">
      <Filter>Source Files\physics</Filter>
    </ClCompile>
    <ClCompile Include="physics_world.cpp">
      <Filter>Source Files\physics</Filter>
    </ClCompile>
    <ClCompile Include="polygon.cpp">
      <Filter>Source Files\component</Filter>
    </ClCompile>
    <ClCompile Include="spritesheet.cpp">
      <Filter>Source Files\asset</Filter>
    </ClCompile>
    <ClCompile Include="model.cpp">
      <Filter>Source Files\component</Filter>
    </ClCompile>
  </ItemGroup>
  <ItemGroup>
    <ClInclude Include="state.h">
      <Filter>Header Files</Filter>
    </ClInclude>
    <ClInclude Include="engine.h">
      <Filter>Header Files</Filter>
    </ClInclude>
    <ClInclude Include="state_manager.h">
      <Filter>Header Files</Filter>
    </ClInclude>
    <ClInclude Include="window_manager.h">
      <Filter>Header Files</Filter>
    </ClInclude>
    <ClInclude Include="stdafx.h">
      <Filter>Header Files</Filter>
    </ClInclude>
    <ClInclude Include="scene_object.h">
      <Filter>Header Files\scene</Filter>
    </ClInclude>
    <ClInclude Include="scene_graph.h">
      <Filter>Header Files\scene</Filter>
    </ClInclude>
    <ClInclude Include="scene.h">
      <Filter>Header Files\scene</Filter>
    </ClInclude>
    <ClInclude Include="entity.h">
      <Filter>Header Files\scene</Filter>
    </ClInclude>
    <ClInclude Include="component.h">
      <Filter>Header Files\component</Filter>
    </ClInclude>
    <ClInclude Include="transform.h">
      <Filter>Header Files\component</Filter>
    </ClInclude>
    <ClInclude Include="sprite.h">
      <Filter>Header Files\component</Filter>
    </ClInclude>
    <ClInclude Include="material.h">
      <Filter>Header Files\drawing</Filter>
    </ClInclude>
    <ClInclude Include="color.h">
      <Filter>Header Files\drawing</Filter>
    </ClInclude>
    <ClInclude Include="text.h">
      <Filter>Header Files\drawing</Filter>
    </ClInclude>
    <ClInclude Include="material_color_property.h">
      <Filter>Header Files\drawing</Filter>
    </ClInclude>
    <ClInclude Include="asset.h">
      <Filter>Header Files\asset</Filter>
    </ClInclude>
    <ClInclude Include="asset_bank.h">
      <Filter>Header Files\asset</Filter>
    </ClInclude>
    <ClInclude Include="texture.h">
      <Filter>Header Files\asset</Filter>
    </ClInclude>
    <ClInclude Include="shader.h">
      <Filter>Header Files\asset</Filter>
    </ClInclude>
    <ClInclude Include="window.h">
      <Filter>Header Files</Filter>
    </ClInclude>
    <ClInclude Include="input.h">
      <Filter>Header Files</Filter>
    </ClInclude>
    <ClInclude Include="gui_component.h">
      <Filter>Header Files\component</Filter>
    </ClInclude>
    <ClInclude Include="gui_text_block.h">
      <Filter>Header Files\component</Filter>
    </ClInclude>
    <ClInclude Include="debug.h">
      <Filter>Header Files</Filter>
    </ClInclude>
    <ClInclude Include="console.h">
      <Filter>Header Files\scene</Filter>
    </ClInclude>
    <ClInclude Include="gui_border.h">
      <Filter>Header Files\component</Filter>
    </ClInclude>
    <ClInclude Include="metrics.h">
      <Filter>Header Files\scene</Filter>
    </ClInclude>
    <ClInclude Include="rigid_body.h">
      <Filter>Header Files\component</Filter>
    </ClInclude>
    <ClInclude Include="effector.h">
      <Filter>Header Files\physics</Filter>
    </ClInclude>
    <ClInclude Include="ef_impulse.h">
      <Filter>Header Files\physics</Filter>
    </ClInclude>
    <ClInclude Include="conductor.h">
      <Filter>Header Files</Filter>
    </ClInclude>
    <ClInclude Include="ef_gravity.h">
      <Filter>Header Files\physics</Filter>
    </ClInclude>
    <ClInclude Include="constraint.h">
      <Filter>Header Files\physics</Filter>
    </ClInclude>
    <ClInclude Include="physics_world.h">
      <Filter>Header Files\physics</Filter>
    </ClInclude>
    <ClInclude Include="polygon.h">
      <Filter>Header Files\component</Filter>
    </ClInclude>
    <ClInclude Include="gui_panel.h">
      <Filter>Header Files\component</Filter>
    </ClInclude>
    <ClInclude Include="spritesheet.h">
      <Filter>Header Files\asset</Filter>
    </ClInclude>
    <ClInclude Include="model.h">
      <Filter>Header Files\component</Filter>
    </ClInclude>
  </ItemGroup>
</Project>