<?xml version="1.0" encoding="utf-8"?>
<Project ToolsVersion="4.0" xmlns="http://schemas.microsoft.com/developer/msbuild/2003">
  <ItemGroup>
    <Filter Include="Source Files">
      <UniqueIdentifier>{4FC737F1-C7A5-4376-A066-2A32D752A2FF}</UniqueIdentifier>
      <Extensions>cpp;c;cc;cxx;def;odl;idl;hpj;bat;asm;asmx</Extensions>
    </Filter>
    <Filter Include="Header Files">
      <UniqueIdentifier>{93995380-89BD-4b04-88EB-625FBE52EBFB}</UniqueIdentifier>
      <Extensions>h;hh;hpp;hxx;hm;inl;inc;ipp;xsd</Extensions>
    </Filter>
    <Filter Include="Resource Files">
      <UniqueIdentifier>{67DA6AB6-F800-4c08-8B7A-83BB121AAD01}</UniqueIdentifier>
      <Extensions>rc;ico;cur;bmp;dlg;rc2;rct;bin;rgs;gif;jpg;jpeg;jpe;resx;tiff;tif;png;wav;mfcribbon-ms</Extensions>
    </Filter>
    <Filter Include="Header Files\shaders">
      <UniqueIdentifier>{2f37685c-fdd2-4075-ba70-36561f9afd0c}</UniqueIdentifier>
    </Filter>
    <Filter Include="Header Files\def">
      <UniqueIdentifier>{816c2528-e6a3-4d49-8d0d-f4cd3e95ad70}</UniqueIdentifier>
    </Filter>
    <Filter Include="Source Files\physics_test">
      <UniqueIdentifier>{6c8bbe69-7cde-47b8-8f5c-3824f03c3a98}</UniqueIdentifier>
    </Filter>
    <Filter Include="Source Files\game_test">
      <UniqueIdentifier>{216c6d07-763d-41d7-acab-baf9f909768f}</UniqueIdentifier>
    </Filter>
    <Filter Include="Header Files\physics_test">
      <UniqueIdentifier>{6246a49f-1856-44a1-9b44-3478b345244e}</UniqueIdentifier>
    </Filter>
    <Filter Include="Header Files\game_test">
      <UniqueIdentifier>{2ba83d87-be45-400c-b426-a623935925b4}</UniqueIdentifier>
    </Filter>
    <Filter Include="Source Files\poggle">
      <UniqueIdentifier>{afcb4b05-5b4a-4084-abf1-9a20b155627d}</UniqueIdentifier>
    </Filter>
    <Filter Include="Header Files\poggle">
      <UniqueIdentifier>{8b3fd4a4-403f-41ec-bb6d-2b07dafcd1f5}</UniqueIdentifier>
    </Filter>
    <Filter Include="Header Files\threed">
      <UniqueIdentifier>{7a2d553b-faae-4ae7-b315-7a7a291b9463}</UniqueIdentifier>
    </Filter>
    <Filter Include="Source Files\threed">
      <UniqueIdentifier>{e5e2c4af-8ee1-4c74-8690-6d3fd8dd7213}</UniqueIdentifier>
    </Filter>
  </ItemGroup>
  <ItemGroup>
    <ClCompile Include="main.cpp">
      <Filter>Source Files</Filter>
    </ClCompile>
    <ClCompile Include="physics_test_state.cpp">
      <Filter>Source Files\physics_test</Filter>
    </ClCompile>
    <ClCompile Include="game_state.cpp">
      <Filter>Source Files\game_test</Filter>
    </ClCompile>
    <ClCompile Include="stdafx.cpp">
      <Filter>Source Files\game_test</Filter>
    </ClCompile>
    <ClCompile Include="tile.cpp">
      <Filter>Source Files\game_test</Filter>
    </ClCompile>
    <ClCompile Include="world.cpp">
      <Filter>Source Files\game_test</Filter>
    </ClCompile>
    <ClCompile Include="world_chunk.cpp">
      <Filter>Source Files\game_test</Filter>
    </ClCompile>
    <ClCompile Include="world_generator.cpp">
      <Filter>Source Files\game_test</Filter>
    </ClCompile>
    <ClCompile Include="ship.cpp">
      <Filter>Source Files\physics_test</Filter>
    </ClCompile>
    <ClCompile Include="asteroid.cpp">
      <Filter>Source Files\physics_test</Filter>
    </ClCompile>
    <ClCompile Include="poggle_game_state.cpp">
      <Filter>Source Files\poggle</Filter>
    </ClCompile>
    <ClCompile Include="peg.cpp">
      <Filter>Source Files\poggle</Filter>
    </ClCompile>
    <ClCompile Include="player.cpp">
      <Filter>Source Files\game_test</Filter>
    </ClCompile>
    <ClCompile Include="threed_state.cpp">
      <Filter>Source Files\threed</Filter>
    </ClCompile>
    <ClCompile Include="test_mesh.cpp">
      <Filter>Source Files\threed</Filter>
    </ClCompile>
    <ClCompile Include="camera.cpp">
      <Filter>Source Files\threed</Filter>
    </ClCompile>
  </ItemGroup>
  <ItemGroup>
    <ClInclude Include="physics_test_state.h">
      <Filter>Header Files\physics_test</Filter>
    </ClInclude>
    <ClInclude Include="game_state.h">
      <Filter>Header Files\game_test</Filter>
    </ClInclude>
    <ClInclude Include="stdafx.h">
      <Filter>Header Files\game_test</Filter>
    </ClInclude>
    <ClInclude Include="tile.h">
      <Filter>Header Files\game_test</Filter>
    </ClInclude>
    <ClInclude Include="world.h">
      <Filter>Header Files\game_test</Filter>
    </ClInclude>
    <ClInclude Include="world_chunk.h">
      <Filter>Header Files\game_test</Filter>
    </ClInclude>
    <ClInclude Include="world_generator.h">
      <Filter>Header Files\game_test</Filter>
    </ClInclude>
    <ClInclude Include="ship.h">
      <Filter>Header Files\physics_test</Filter>
    </ClInclude>
    <ClInclude Include="asteroid.h">
      <Filter>Header Files\physics_test</Filter>
    </ClInclude>
    <ClInclude Include="poggle_game_state.h">
      <Filter>Header Files\poggle</Filter>
    </ClInclude>
    <ClInclude Include="peg.h">
      <Filter>Header Files\poggle</Filter>
    </ClInclude>
    <ClInclude Include="player.h">
      <Filter>Header Files\game_test</Filter>
    </ClInclude>
    <ClInclude Include="threed_state.h">
      <Filter>Header Files\threed</Filter>
    </ClInclude>
    <ClInclude Include="test_mesh.h">
      <Filter>Header Files\threed</Filter>
    </ClInclude>
    <ClInclude Include="camera.h">
      <Filter>Header Files\threed</Filter>
    </ClInclude>
  </ItemGroup>
  <ItemGroup>
    <None Include="shaders\scene.frag">
      <Filter>Header Files\shaders</Filter>
    </None>
    <None Include="shaders\scene.vert">
      <Filter>Header Files\shaders</Filter>
    </None>
    <None Include="cpp.hint" />
  </ItemGroup>
</Project>